
Microsoft Visual Studio Solution File, Format Version 12.00
# Visual Studio Version 17
VisualStudioVersion = 17.11.35327.3
MinimumVisualStudioVersion = 10.0.40219.1
Project("{888888A0-9F3D-457C-B088-3A5042F75D52}") = "pythonCalculateAverage", "pythonCalculateAverage\pythonCalculateAverage.pyproj", "{3A647676-C0CB-47D1-B11A-5BEB5CC8ABCE}"
EndProject
Global
	GlobalSection(SolutionConfigurationPlatforms) = preSolution
		Debug|Any CPU = Debug|Any CPU
		Release|Any CPU = Release|Any CPU
	EndGlobalSection
	GlobalSection(ProjectConfigurationPlatforms) = postSolution
		{3A647676-C0CB-47D1-B11A-5BEB5CC8ABCE}.Debug|Any CPU.ActiveCfg = Debug|Any CPU
		{3A647676-C0CB-47D1-B11A-5BEB5CC8ABCE}.Release|Any CPU.ActiveCfg = Release|Any CPU
	EndGlobalSection
	GlobalSection(SolutionProperties) = preSolution
		HideSolutionNode = FALSE
	EndGlobalSection
	GlobalSection(ExtensibilityGlobals) = postSolution
		SolutionGuid = {5D4EF342-8D0E-4AB5-8C27-0E61DDC5DC6E}
	EndGlobalSection
EndGlobal
